<?xml version="1.0" encoding="UTF-8" standalone="yes" ?>
<CodeBlocks_project_file>
	<FileVersion major="1" minor="6" />
	<Project>
		<Option title="Rubik" />
		<Option pch_mode="2" />
		<Option compiler="gcc" />
		<Build>
			<Target title="Debug">
				<Option output="bin/Debug/Rubik" prefix_auto="1" extension_auto="1" />
				<Option working_dir="C:/TDM-GCC-64/freeglut/bin" />
				<Option object_output="obj/Debug/" />
				<Option type="1" />
				<Option compiler="gcc" />
				<Compiler>
					<Add option="-g" />
					<Add directory="C:/TDM-GCC-64/freeglut/include" />
					<Add directory="C:/MinGW/include" />
				</Compiler>
				<Linker>
					<Add library="freeglut" />
					<Add library="opengl32" />
					<Add library="glu32" />
					<Add library="winmm" />
					<Add library="gdi32" />
					<Add directory="C:/MinGW/include" />
				</Linker>
			</Target>
			<Target title="Release">
				<Option output="bin/Release/Rubik" prefix_auto="1" extension_auto="1" />
				<Option working_dir="C:/TDM-GCC-64/freeglut/bin" />
				<Option object_output="obj/Release/" />
				<Option type="0" />
				<Option compiler="gcc" />
				<Compiler>
					<Add option="-O2" />
				</Compiler>
				<Linker>
					<Add option="-s" />
				</Linker>
			</Target>
		</Build>
		<Compiler>
			<Add option="-Wall" />
			<Add directory="C:/TDM-GCC-64/freeglut/include" />
			<Add directory="C:/Program Files (x86)/CodeBlocks/MinGW/include" />
			<Add directory="C:/MinGW/include" />
		</Compiler>
		<Linker>
			<Add library="freeglut" />
			<Add library="opengl32" />
			<Add library="glu32" />
			<Add library="winmm" />
			<Add library="gdi32" />
			<Add directory="C:/TDM-GCC-64/freeglut/lib" />
			<Add directory="C:/Program Files (x86)/CodeBlocks/MinGW/lib" />
		</Linker>
		<Unit filename="../../soil/Simple OpenGL Image Library/src/SOIL.c">
			<Option compilerVar="CC" />
		</Unit>
		<Unit filename="../../soil/Simple OpenGL Image Library/src/SOIL.h" />
		<Unit filename="../../soil/Simple OpenGL Image Library/src/image_DXT.c">
			<Option compilerVar="CC" />
		</Unit>
		<Unit filename="../../soil/Simple OpenGL Image Library/src/image_DXT.h" />
		<Unit filename="../../soil/Simple OpenGL Image Library/src/image_helper.c">
			<Option compilerVar="CC" />
		</Unit>
		<Unit filename="../../soil/Simple OpenGL Image Library/src/image_helper.h" />
		<Unit filename="../../soil/Simple OpenGL Image Library/src/stb_image_aug.c">
			<Option compilerVar="CC" />
		</Unit>
		<Unit filename="../../soil/Simple OpenGL Image Library/src/stb_image_aug.h" />
		<Unit filename="../../soil/Simple OpenGL Image Library/src/stbi_DDS_aug.h" />
		<Unit filename="../../soil/Simple OpenGL Image Library/src/stbi_DDS_aug_c.h" />
		<Unit filename="Cell.cpp" />
		<Unit filename="Cell.h" />
		<Unit filename="Cube.cpp" />
		<Unit filename="Cube.h" />
		<Unit filename="Cube5.cpp" />
		<Unit filename="Cube5.h" />
		<Unit filename="DrawHandler.cpp" />
		<Unit filename="DrawHandler.h" />
		<Unit filename="Point3D.cpp" />
		<Unit filename="Point3D.h" />
		<Unit filename="main.cpp" />
		<Extensions>
			<code_completion />
			<envvars />
			<debugger />
			<lib_finder disable_auto="1" />
		</Extensions>
	</Project>
</CodeBlocks_project_file>
